// !$*UTF8*$!
{
	archiveVersion = 1;
	classes = {
	};
	objectVersion = 56;
	objects = {

/* Begin PBXBuildFile section */
		39955ED42D6CB1C500E4A76B /* AppDelegate.swift in Sources */ = {isa = PBXBuildFile; fileRef = 39955ED32D6CB1C500E4A76B /* AppDelegate.swift */; };
		39955ED62D6CB1C500E4A76B /* SceneDelegate.swift in Sources */ = {isa = PBXBuildFile; fileRef = 39955ED52D6CB1C500E4A76B /* SceneDelegate.swift */; };
		39955EDE2D6CB1C500E4A76B /* InvestProject.xcdatamodeld in Sources */ = {isa = PBXBuildFile; fileRef = 39955EDC2D6CB1C500E4A76B /* InvestProject.xcdatamodeld */; };
		39955EE02D6CB1C800E4A76B /* Assets.xcassets in Resources */ = {isa = PBXBuildFile; fileRef = 39955EDF2D6CB1C800E4A76B /* Assets.xcassets */; };
		39955EE32D6CB1C800E4A76B /* Base in Resources */ = {isa = PBXBuildFile; fileRef = 39955EE22D6CB1C800E4A76B /* Base */; };
		39955EEB2D6CB34C00E4A76B /* ConverterController.swift in Sources */ = {isa = PBXBuildFile; fileRef = 39955EEA2D6CB34C00E4A76B /* ConverterController.swift */; };
		39955EED2D6CB39300E4A76B /* ConfigureExtension.swift in Sources */ = {isa = PBXBuildFile; fileRef = 39955EEC2D6CB39200E4A76B /* ConfigureExtension.swift */; };
		39955EEF2D6CB3B100E4A76B /* ConstraentExtension.swift in Sources */ = {isa = PBXBuildFile; fileRef = 39955EEE2D6CB3B100E4A76B /* ConstraentExtension.swift */; };
/* End PBXBuildFile section */

/* Begin PBXFileReference section */
		39955ED02D6CB1C500E4A76B /* InvestProject.app */ = {isa = PBXFileReference; explicitFileType = wrapper.application; includeInIndex = 0; path = InvestProject.app; sourceTree = BUILT_PRODUCTS_DIR; };
		39955ED32D6CB1C500E4A76B /* AppDelegate.swift */ = {isa = PBXFileReference; lastKnownFileType = sourcecode.swift; path = AppDelegate.swift; sourceTree = "<group>"; };
		39955ED52D6CB1C500E4A76B /* SceneDelegate.swift */ = {isa = PBXFileReference; lastKnownFileType = sourcecode.swift; path = SceneDelegate.swift; sourceTree = "<group>"; };
		39955EDD2D6CB1C500E4A76B /* InvestProject.xcdatamodel */ = {isa = PBXFileReference; lastKnownFileType = wrapper.xcdatamodel; path = InvestProject.xcdatamodel; sourceTree = "<group>"; };
		39955EDF2D6CB1C800E4A76B /* Assets.xcassets */ = {isa = PBXFileReference; lastKnownFileType = folder.assetcatalog; path = Assets.xcassets; sourceTree = "<group>"; };
		39955EE22D6CB1C800E4A76B /* Base */ = {isa = PBXFileReference; lastKnownFileType = file.storyboard; name = Base; path = Base.lproj/LaunchScreen.storyboard; sourceTree = "<group>"; };
		39955EE42D6CB1C800E4A76B /* Info.plist */ = {isa = PBXFileReference; lastKnownFileType = text.plist.xml; path = Info.plist; sourceTree = "<group>"; };
		39955EEA2D6CB34C00E4A76B /* ConverterController.swift */ = {isa = PBXFileReference; lastKnownFileType = sourcecode.swift; path = ConverterController.swift; sourceTree = "<group>"; };
		39955EEC2D6CB39200E4A76B /* ConfigureExtension.swift */ = {isa = PBXFileReference; lastKnownFileType = sourcecode.swift; path = ConfigureExtension.swift; sourceTree = "<group>"; };
		39955EEE2D6CB3B100E4A76B /* ConstraentExtension.swift */ = {isa = PBXFileReference; lastKnownFileType = sourcecode.swift; path = ConstraentExtension.swift; sourceTree = "<group>"; };
/* End PBXFileReference section */

/* Begin PBXFrameworksBuildPhase section */
		39955ECD2D6CB1C500E4A76B /* Frameworks */ = {
			isa = PBXFrameworksBuildPhase;
			buildActionMask = 2147483647;
			files = (
			);
			runOnlyForDeploymentPostprocessing = 0;
		};
/* End PBXFrameworksBuildPhase section */

/* Begin PBXGroup section */
		39955EC72D6CB1C500E4A76B = {
			isa = PBXGroup;
			children = (
				39955ED22D6CB1C500E4A76B /* InvestProject */,
				39955ED12D6CB1C500E4A76B /* Products */,
			);
			sourceTree = "<group>";
		};
		39955ED12D6CB1C500E4A76B /* Products */ = {
			isa = PBXGroup;
			children = (
				39955ED02D6CB1C500E4A76B /* InvestProject.app */,
			);
			name = Products;
			sourceTree = "<group>";
		};
		39955ED22D6CB1C500E4A76B /* InvestProject */ = {
			isa = PBXGroup;
			children = (
				39955ED32D6CB1C500E4A76B /* AppDelegate.swift */,
				39955ED52D6CB1C500E4A76B /* SceneDelegate.swift */,
				39955EF12D6CB44A00E4A76B /* Converter */,
				39955EF02D6CB42F00E4A76B /* Extensions */,
				39955EDF2D6CB1C800E4A76B /* Assets.xcassets */,
				39955EE12D6CB1C800E4A76B /* LaunchScreen.storyboard */,
				39955EE42D6CB1C800E4A76B /* Info.plist */,
				39955EDC2D6CB1C500E4A76B /* InvestProject.xcdatamodeld */,
			);
			path = InvestProject;
			sourceTree = "<group>";
		};
		39955EF02D6CB42F00E4A76B /* Extensions */ = {
			isa = PBXGroup;
			children = (
				39955EEC2D6CB39200E4A76B /* ConfigureExtension.swift */,
				39955EEE2D6CB3B100E4A76B /* ConstraentExtension.swift */,
			);
			path = Extensions;
			sourceTree = "<group>";
		};
		39955EF12D6CB44A00E4A76B /* Converter */ = {
			isa = PBXGroup;
			children = (
				39955EEA2D6CB34C00E4A76B /* ConverterController.swift */,
			);
			path = Converter;
			sourceTree = "<group>";
		};
/* End PBXGroup section */

/* Begin PBXNativeTarget section */
		39955ECF2D6CB1C500E4A76B /* InvestProject */ = {
			isa = PBXNativeTarget;
			buildConfigurationList = 39955EE72D6CB1C800E4A76B /* Build configuration list for PBXNativeTarget "InvestProject" */;
			buildPhases = (
				39955ECC2D6CB1C500E4A76B /* Sources */,
				39955ECD2D6CB1C500E4A76B /* Frameworks */,
				39955ECE2D6CB1C500E4A76B /* Resources */,
			);
			buildRules = (
			);
			dependencies = (
			);
			name = InvestProject;
			productName = InvestProject;
			productReference = 39955ED02D6CB1C500E4A76B /* InvestProject.app */;
			productType = "com.apple.product-type.application";
		};
/* End PBXNativeTarget section */

/* Begin PBXProject section */
		39955EC82D6CB1C500E4A76B /* Project object */ = {
			isa = PBXProject;
			attributes = {
				BuildIndependentTargetsInParallel = 1;
				LastSwiftUpdateCheck = 1540;
				LastUpgradeCheck = 1540;
				TargetAttributes = {
					39955ECF2D6CB1C500E4A76B = {
						CreatedOnToolsVersion = 15.4;
					};
				};
			};
			buildConfigurationList = 39955ECB2D6CB1C500E4A76B /* Build configuration list for PBXProject "InvestProject" */;
			compatibilityVersion = "Xcode 14.0";
			developmentRegion = en;
			hasScannedForEncodings = 0;
			knownRegions = (
				en,
				Base,
			);
			mainGroup = 39955EC72D6CB1C500E4A76B;
			productRefGroup = 39955ED12D6CB1C500E4A76B /* Products */;
			projectDirPath = "";
			projectRoot = "";
			targets = (
				39955ECF2D6CB1C500E4A76B /* InvestProject */,
			);
		};
/* End PBXProject section */

/* Begin PBXResourcesBuildPhase section */
		39955ECE2D6CB1C500E4A76B /* Resources */ = {
			isa = PBXResourcesBuildPhase;
			buildActionMask = 2147483647;
			files = (
				39955EE02D6CB1C800E4A76B /* Assets.xcassets in Resources */,
				39955EE32D6CB1C800E4A76B /* Base in Resources */,
			);
			runOnlyForDeploymentPostprocessing = 0;
		};
/* End PBXResourcesBuildPhase section */

/* Begin PBXSourcesBuildPhase section */
		39955ECC2D6CB1C500E4A76B /* Sources */ = {
			isa = PBXSourcesBuildPhase;
			buildActionMask = 2147483647;
			files = (
				39955EEF2D6CB3B100E4A76B /* ConstraentExtension.swift in Sources */,
				39955EEB2D6CB34C00E4A76B /* ConverterController.swift in Sources */,
				39955EED2D6CB39300E4A76B /* ConfigureExtension.swift in Sources */,
				39955ED42D6CB1C500E4A76B /* AppDelegate.swift in Sources */,
				39955EDE2D6CB1C500E4A76B /* InvestProject.xcdatamodeld in Sources */,
				39955ED62D6CB1C500E4A76B /* SceneDelegate.swift in Sources */,
			);
			runOnlyForDeploymentPostprocessing = 0;
		};
/* End PBXSourcesBuildPhase section */

/* Begin PBXVariantGroup section */
		39955EE12D6CB1C800E4A76B /* LaunchScreen.storyboard */ = {
			isa = PBXVariantGroup;
			children = (
				39955EE22D6CB1C800E4A76B /* Base */,
			);
			name = LaunchScreen.storyboard;
			sourceTree = "<group>";
		};
/* End PBXVariantGroup section */

/* Begin XCBuildConfiguration section */
		39955EE52D6CB1C800E4A76B /* Debug */ = {
			isa = XCBuildConfiguration;
			buildSettings = {
				ALWAYS_SEARCH_USER_PATHS = NO;
				ASSETCATALOG_COMPILER_GENERATE_SWIFT_ASSET_SYMBOL_EXTENSIONS = YES;
				CLANG_ANALYZER_NONNULL = YES;
				CLANG_ANALYZER_NUMBER_OBJECT_CONVERSION = YES_AGGRESSIVE;
				CLANG_CXX_LANGUAGE_STANDARD = "gnu++20";
				CLANG_ENABLE_MODULES = YES;
				CLANG_ENABLE_OBJC_ARC = YES;
				CLANG_ENABLE_OBJC_WEAK = YES;
				CLANG_WARN_BLOCK_CAPTURE_AUTORELEASING = YES;
				CLANG_WARN_BOOL_CONVERSION = YES;
				CLANG_WARN_COMMA = YES;
				CLANG_WARN_CONSTANT_CONVERSION = YES;
				CLANG_WARN_DEPRECATED_OBJC_IMPLEMENTATIONS = YES;
				CLANG_WARN_DIRECT_OBJC_ISA_USAGE = YES_ERROR;
				CLANG_WARN_DOCUMENTATION_COMMENTS = YES;
				CLANG_WARN_EMPTY_BODY = YES;
				CLANG_WARN_ENUM_CONVERSION = YES;
				CLANG_WARN_INFINITE_RECURSION = YES;
				CLANG_WARN_INT_CONVERSION = YES;
				CLANG_WARN_NON_LITERAL_NULL_CONVERSION = YES;
				CLANG_WARN_OBJC_IMPLICIT_RETAIN_SELF = YES;
				CLANG_WARN_OBJC_LITERAL_CONVERSION = YES;
				CLANG_WARN_OBJC_ROOT_CLASS = YES_ERROR;
				CLANG_WARN_QUOTED_INCLUDE_IN_FRAMEWORK_HEADER = YES;
				CLANG_WARN_RANGE_LOOP_ANALYSIS = YES;
				CLANG_WARN_STRICT_PROTOTYPES = YES;
				CLANG_WARN_SUSPICIOUS_MOVE = YES;
				CLANG_WARN_UNGUARDED_AVAILABILITY = YES_AGGRESSIVE;
				CLANG_WARN_UNREACHABLE_CODE = YES;
				CLANG_WARN__DUPLICATE_METHOD_MATCH = YES;
				COPY_PHASE_STRIP = NO;
				DEBUG_INFORMATION_FORMAT = dwarf;
				ENABLE_STRICT_OBJC_MSGSEND = YES;
				ENABLE_TESTABILITY = YES;
				ENABLE_USER_SCRIPT_SANDBOXING = YES;
				GCC_C_LANGUAGE_STANDARD = gnu17;
				GCC_DYNAMIC_NO_PIC = NO;
				GCC_NO_COMMON_BLOCKS = YES;
				GCC_OPTIMIZATION_LEVEL = 0;
				GCC_PREPROCESSOR_DEFINITIONS = (
					"DEBUG=1",
					"$(inherited)",
				);
				GCC_WARN_64_TO_32_BIT_CONVERSION = YES;
				GCC_WARN_ABOUT_RETURN_TYPE = YES_ERROR;
				GCC_WARN_UNDECLARED_SELECTOR = YES;
				GCC_WARN_UNINITIALIZED_AUTOS = YES_AGGRESSIVE;
				GCC_WARN_UNUSED_FUNCTION = YES;
				GCC_WARN_UNUSED_VARIABLE = YES;
				IPHONEOS_DEPLOYMENT_TARGET = 17.5;
				LOCALIZATION_PREFERS_STRING_CATALOGS = YES;
				MTL_ENABLE_DEBUG_INFO = INCLUDE_SOURCE;
				MTL_FAST_MATH = YES;
				ONLY_ACTIVE_ARCH = YES;
				SDKROOT = iphoneos;
				SWIFT_ACTIVE_COMPILATION_CONDITIONS = "DEBUG $(inherited)";
				SWIFT_OPTIMIZATION_LEVEL = "-Onone";
			};
			name = Debug;
		};
		39955EE62D6CB1C800E4A76B /* Release */ = {
			isa = XCBuildConfiguration;
			buildSettings = {
				ALWAYS_SEARCH_USER_PATHS = NO;
				ASSETCATALOG_COMPILER_GENERATE_SWIFT_ASSET_SYMBOL_EXTENSIONS = YES;
				CLANG_ANALYZER_NONNULL = YES;
				CLANG_ANALYZER_NUMBER_OBJECT_CONVERSION = YES_AGGRESSIVE;
				CLANG_CXX_LANGUAGE_STANDARD = "gnu++20";
				CLANG_ENABLE_MODULES = YES;
				CLANG_ENABLE_OBJC_ARC = YES;
				CLANG_ENABLE_OBJC_WEAK = YES;
				CLANG_WARN_BLOCK_CAPTURE_AUTORELEASING = YES;
				CLANG_WARN_BOOL_CONVERSION = YES;
				CLANG_WARN_COMMA = YES;
				CLANG_WARN_CONSTANT_CONVERSION = YES;
				CLANG_WARN_DEPRECATED_OBJC_IMPLEMENTATIONS = YES;
				CLANG_WARN_DIRECT_OBJC_ISA_USAGE = YES_ERROR;
				CLANG_WARN_DOCUMENTATION_COMMENTS = YES;
				CLANG_WARN_EMPTY_BODY = YES;
				CLANG_WARN_ENUM_CONVERSION = YES;
				CLANG_WARN_INFINITE_RECURSION = YES;
				CLANG_WARN_INT_CONVERSION = YES;
				CLANG_WARN_NON_LITERAL_NULL_CONVERSION = YES;
				CLANG_WARN_OBJC_IMPLICIT_RETAIN_SELF = YES;
				CLANG_WARN_OBJC_LITERAL_CONVERSION = YES;
				CLANG_WARN_OBJC_ROOT_CLASS = YES_ERROR;
				CLANG_WARN_QUOTED_INCLUDE_IN_FRAMEWORK_HEADER = YES;
				CLANG_WARN_RANGE_LOOP_ANALYSIS = YES;
				CLANG_WARN_STRICT_PROTOTYPES = YES;
				CLANG_WARN_SUSPICIOUS_MOVE = YES;
				CLANG_WARN_UNGUARDED_AVAILABILITY = YES_AGGRESSIVE;
				CLANG_WARN_UNREACHABLE_CODE = YES;
				CLANG_WARN__DUPLICATE_METHOD_MATCH = YES;
				COPY_PHASE_STRIP = NO;
				DEBUG_INFORMATION_FORMAT = "dwarf-with-dsym";
				ENABLE_NS_ASSERTIONS = NO;
				ENABLE_STRICT_OBJC_MSGSEND = YES;
				ENABLE_USER_SCRIPT_SANDBOXING = YES;
				GCC_C_LANGUAGE_STANDARD = gnu17;
				GCC_NO_COMMON_BLOCKS = YES;
				GCC_WARN_64_TO_32_BIT_CONVERSION = YES;
				GCC_WARN_ABOUT_RETURN_TYPE = YES_ERROR;
				GCC_WARN_UNDECLARED_SELECTOR = YES;
				GCC_WARN_UNINITIALIZED_AUTOS = YES_AGGRESSIVE;
				GCC_WARN_UNUSED_FUNCTION = YES;
				GCC_WARN_UNUSED_VARIABLE = YES;
				IPHONEOS_DEPLOYMENT_TARGET = 17.5;
				LOCALIZATION_PREFERS_STRING_CATALOGS = YES;
				MTL_ENABLE_DEBUG_INFO = NO;
				MTL_FAST_MATH = YES;
				SDKROOT = iphoneos;
				SWIFT_COMPILATION_MODE = wholemodule;
				VALIDATE_PRODUCT = YES;
			};
			name = Release;
		};
		39955EE82D6CB1C800E4A76B /* Debug */ = {
			isa = XCBuildConfiguration;
			buildSettings = {
				ASSETCATALOG_COMPILER_APPICON_NAME = AppIcon;
				ASSETCATALOG_COMPILER_GLOBAL_ACCENT_COLOR_NAME = AccentColor;
				CODE_SIGN_STYLE = Automatic;
				CURRENT_PROJECT_VERSION = 1;
				GENERATE_INFOPLIST_FILE = YES;
				INFOPLIST_FILE = InvestProject/Info.plist;
				INFOPLIST_KEY_UIApplicationSupportsIndirectInputEvents = YES;
				INFOPLIST_KEY_UILaunchStoryboardName = LaunchScreen;
				INFOPLIST_KEY_UISupportedInterfaceOrientations_iPad = "UIInterfaceOrientationPortrait UIInterfaceOrientationPortraitUpsideDown UIInterfaceOrientationLandscapeLeft UIInterfaceOrientationLandscapeRight";
				INFOPLIST_KEY_UISupportedInterfaceOrientations_iPhone = "UIInterfaceOrientationPortrait UIInterfaceOrientationLandscapeLeft UIInterfaceOrientationLandscapeRight";
				LD_RUNPATH_SEARCH_PATHS = (
					"$(inherited)",
					"@executable_path/Frameworks",
				);
				MARKETING_VERSION = 1.0;
				PRODUCT_BUNDLE_IDENTIFIER = com.Cicek.InvestProject;
				PRODUCT_NAME = "$(TARGET_NAME)";
				SWIFT_EMIT_LOC_STRINGS = YES;
				SWIFT_VERSION = 5.0;
				TARGETED_DEVICE_FAMILY = "1,2";
			};
			name = Debug;
		};
		39955EE92D6CB1C800E4A76B /* Release */ = {
			isa = XCBuildConfiguration;
			buildSettings = {
				ASSETCATALOG_COMPILER_APPICON_NAME = AppIcon;
				ASSETCATALOG_COMPILER_GLOBAL_ACCENT_COLOR_NAME = AccentColor;
				CODE_SIGN_STYLE = Automatic;
				CURRENT_PROJECT_VERSION = 1;
				GENERATE_INFOPLIST_FILE = YES;
				INFOPLIST_FILE = InvestProject/Info.plist;
				INFOPLIST_KEY_UIApplicationSupportsIndirectInputEvents = YES;
				INFOPLIST_KEY_UILaunchStoryboardName = LaunchScreen;
				INFOPLIST_KEY_UISupportedInterfaceOrientations_iPad = "UIInterfaceOrientationPortrait UIInterfaceOrientationPortraitUpsideDown UIInterfaceOrientationLandscapeLeft UIInterfaceOrientationLandscapeRight";
				INFOPLIST_KEY_UISupportedInterfaceOrientations_iPhone = "UIInterfaceOrientationPortrait UIInterfaceOrientationLandscapeLeft UIInterfaceOrientationLandscapeRight";
				LD_RUNPATH_SEARCH_PATHS = (
					"$(inherited)",
					"@executable_path/Frameworks",
				);
				MARKETING_VERSION = 1.0;
				PRODUCT_BUNDLE_IDENTIFIER = com.Cicek.InvestProject;
				PRODUCT_NAME = "$(TARGET_NAME)";
				SWIFT_EMIT_LOC_STRINGS = YES;
				SWIFT_VERSION = 5.0;
				TARGETED_DEVICE_FAMILY = "1,2";
			};
			name = Release;
		};
/* End XCBuildConfiguration section */

/* Begin XCConfigurationList section */
		39955ECB2D6CB1C500E4A76B /* Build configuration list for PBXProject "InvestProject" */ = {
			isa = XCConfigurationList;
			buildConfigurations = (
				39955EE52D6CB1C800E4A76B /* Debug */,
				39955EE62D6CB1C800E4A76B /* Release */,
			);
			defaultConfigurationIsVisible = 0;
			defaultConfigurationName = Release;
		};
		39955EE72D6CB1C800E4A76B /* Build configuration list for PBXNativeTarget "InvestProject" */ = {
			isa = XCConfigurationList;
			buildConfigurations = (
				39955EE82D6CB1C800E4A76B /* Debug */,
				39955EE92D6CB1C800E4A76B /* Release */,
			);
			defaultConfigurationIsVisible = 0;
			defaultConfigurationName = Release;
		};
/* End XCConfigurationList section */

/* Begin XCVersionGroup section */
		39955EDC2D6CB1C500E4A76B /* InvestProject.xcdatamodeld */ = {
			isa = XCVersionGroup;
			children = (
				39955EDD2D6CB1C500E4A76B /* InvestProject.xcdatamodel */,
			);
			currentVersion = 39955EDD2D6CB1C500E4A76B /* InvestProject.xcdatamodel */;
			path = InvestProject.xcdatamodeld;
			sourceTree = "<group>";
			versionGroupType = wrapper.xcdatamodel;
		};
/* End XCVersionGroup section */
	};
	rootObject = 39955EC82D6CB1C500E4A76B /* Project object */;
}
